
Microsoft Visual Studio Solution File, Format Version 12.00
# Visual Studio Version 16
VisualStudioVersion = 16.0.29503.13
MinimumVisualStudioVersion = 10.0.40219.1
Project("{FAE04EC0-301F-11D3-BF4B-00C04F79EFBC}") = "testproj", "testproj\testproj.csproj", "{EEC36BE2-440A-4DD6-B71F-E93016006B1A}"
EndProject
Global
	GlobalSection(SolutionConfigurationPlatforms) = preSolution
		Debug|Any CPU = Debug|Any CPU
		Debug|x64 = Debug|x64
		Release|Any CPU = Release|Any CPU
		Release|x64 = Release|x64
	EndGlobalSection
	GlobalSection(ProjectConfigurationPlatforms) = postSolution
		{EEC36BE2-440A-4DD6-B71F-E93016006B1A}.Debug|Any CPU.ActiveCfg = Debug|Any CPU
		{EEC36BE2-440A-4DD6-B71F-E93016006B1A}.Debug|Any CPU.Build.0 = Debug|Any CPU
		{EEC36BE2-440A-4DD6-B71F-E93016006B1A}.Debug|x64.ActiveCfg = Debug|x64
		{EEC36BE2-440A-4DD6-B71F-E93016006B1A}.Debug|x64.Build.0 = Debug|x64
		{EEC36BE2-440A-4DD6-B71F-E93016006B1A}.Release|Any CPU.ActiveCfg = Release|Any CPU
		{EEC36BE2-440A-4DD6-B71F-E93016006B1A}.Release|Any CPU.Build.0 = Release|Any CPU
		{EEC36BE2-440A-4DD6-B71F-E93016006B1A}.Release|x64.ActiveCfg = Release|x64
		{EEC36BE2-440A-4DD6-B71F-E93016006B1A}.Release|x64.Build.0 = Release|x64
	EndGlobalSection
	GlobalSection(SolutionProperties) = preSolution
		HideSolutionNode = FALSE
	EndGlobalSection
	GlobalSection(ExtensibilityGlobals) = postSolution
		SolutionGuid = {28E30D45-3052-49ED-8653-5A9ABC0A92CF}
	EndGlobalSection
EndGlobal
